
Microsoft Visual Studio Solution File, Format Version 12.00
# Visual Studio 15
VisualStudioVersion = 15.0.27130.2036
MinimumVisualStudioVersion = 10.0.40219.1
Project("{FAE04EC0-301F-11D3-BF4B-00C04F79EFBC}") = "OOP_lab_14", "OOP_lab_14\OOP_lab_14.csproj", "{FF3DFA3A-3F96-4AAB-B4F2-303D488726AF}"
EndProject
Global
	GlobalSection(SolutionConfigurationPlatforms) = preSolution
		Debug|Any CPU = Debug|Any CPU
		Release|Any CPU = Release|Any CPU
	EndGlobalSection
	GlobalSection(ProjectConfigurationPlatforms) = postSolution
		{FF3DFA3A-3F96-4AAB-B4F2-303D488726AF}.Debug|Any CPU.ActiveCfg = Debug|Any CPU
		{FF3DFA3A-3F96-4AAB-B4F2-303D488726AF}.Debug|Any CPU.Build.0 = Debug|Any CPU
		{FF3DFA3A-3F96-4AAB-B4F2-303D488726AF}.Release|Any CPU.ActiveCfg = Release|Any CPU
		{FF3DFA3A-3F96-4AAB-B4F2-303D488726AF}.Release|Any CPU.Build.0 = Release|Any CPU
	EndGlobalSection
	GlobalSection(SolutionProperties) = preSolution
		HideSolutionNode = FALSE
	EndGlobalSection
	GlobalSection(ExtensibilityGlobals) = postSolution
		SolutionGuid = {619AADF7-F327-484B-8E45-A59B0BBA5AC0}
	EndGlobalSection
EndGlobal
